
Microsoft Visual Studio Solution File, Format Version 11.00
# Visual Studio 2010
Project("{FAE04EC0-301F-11D3-BF4B-00C04F79EFBC}") = "Innlevering1", "Innlevering1\Innlevering1\Innlevering1.csproj", "{9EB41E4A-ED6B-4392-8965-A66EB623FA27}"
EndProject
Project("{96E2B04D-8817-42C6-938A-82C39BA4D311}") = "Innlevering1Content", "Innlevering1\Innlevering1Content\Innlevering1Content.contentproj", "{5AA9BCD6-F12B-4346-B9D4-498B802AD682}"
EndProject
Global
	GlobalSection(SolutionConfigurationPlatforms) = preSolution
		Debug|x86 = Debug|x86
		Release|x86 = Release|x86
	EndGlobalSection
	GlobalSection(ProjectConfigurationPlatforms) = postSolution
		{9EB41E4A-ED6B-4392-8965-A66EB623FA27}.Debug|x86.ActiveCfg = Debug|x86
		{9EB41E4A-ED6B-4392-8965-A66EB623FA27}.Debug|x86.Build.0 = Debug|x86
		{9EB41E4A-ED6B-4392-8965-A66EB623FA27}.Release|x86.ActiveCfg = Release|x86
		{9EB41E4A-ED6B-4392-8965-A66EB623FA27}.Release|x86.Build.0 = Release|x86
		{5AA9BCD6-F12B-4346-B9D4-498B802AD682}.Debug|x86.ActiveCfg = Debug|x86
		{5AA9BCD6-F12B-4346-B9D4-498B802AD682}.Release|x86.ActiveCfg = Release|x86
	EndGlobalSection
	GlobalSection(SolutionProperties) = preSolution
		HideSolutionNode = FALSE
	EndGlobalSection
EndGlobal
